<Solution>
  <Folder Name="/src/" />
  <Folder Name="/src/Backend/">
    <Project Path="src/Backend/SchoolManagement.API/SchoolManagement.API.csproj" Id="12e1e6f5-3f26-4090-8492-6a2db43038e5" />
    <Project Path="src/Backend/SchoolManagement.Application/SchoolManagement.Application.csproj" Id="a3ec1d1d-7ae4-458d-8896-2479255fe976" />
    <Project Path="src/Backend/SchoolManagement.Domain/SchoolManagement.Domain.csproj" Id="8931d312-5ecd-46df-a4cf-9274c47ba071" />
    <Project Path="src/Backend/SchoolManagement.Infrastructure/SchoolManagement.Infrastructure.csproj" Id="247c7590-69db-4390-a0d6-a25fafe2159f" />
  </Folder>
  <Folder Name="/src/FrontEnd/">
    <Project Path="src/Frontend/SchoolManagement.WebApp/SchoolManagement.WebApp.csproj" />
  </Folder>
  <Folder Name="/src/Shared/">
    <Project Path="src/Shared/SchoolManagement.Communication/SchoolManagement.Communication.csproj" Id="cda90e9c-c0b9-4b19-aaa2-7458120ab880" />
    <Project Path="src/Shared/SchoolManagement.Exceptions/SchoolManagement.Exceptions.csproj" Id="729cc1fb-81ad-4d57-8506-0faf5cacef86" />
  </Folder>
  <Folder Name="/tests/">
    <Project Path="tests/CommonTestUtilities/CommonTestUtilities.csproj" Id="0dd3aee1-3d6a-480c-a732-44c1c5043e1f" />
    <Project Path="tests/Validators.Test/Validators.Test.csproj" Id="cff30655-e380-4359-9a88-2a8af4bf330b" />
  </Folder>
</Solution>
